# generated by rye
# use `rye lock` or `rye sync` to update this lockfile
#
# last locked with the following flags:
#   pre: false
#   features: []
#   all-features: false
#   with-sources: false
#   generate-hashes: false
#   universal: true

-e file:.
graphlib-backport==1.1.0 ; python_version < '3.9'
    # via xotl-tools
packaging==23.2
    # via xotl-tools
typing-extensions==4.9.0
    # via xotl-tools
